// !$*UTF8*$!
{
	archiveVersion = 1;
	classes = {
	};
	objectVersion = 46;
	objects = {

/* Begin PBXBuildFile section */
		500042251F0221F600A3D0D9 /* JSONSerialization.framework in Frameworks */ = {isa = PBXBuildFile; fileRef = 5000421B1F0221F600A3D0D9 /* JSONSerialization.framework */; };
		5000422A1F0221F600A3D0D9 /* JSONSerializationTests.swift in Sources */ = {isa = PBXBuildFile; fileRef = 500042291F0221F600A3D0D9 /* JSONSerializationTests.swift */; };
		5000422C1F0221F600A3D0D9 /* JSONSerialization.h in Headers */ = {isa = PBXBuildFile; fileRef = 5000421E1F0221F600A3D0D9 /* JSONSerialization.h */; settings = {ATTRIBUTES = (Public, ); }; };
		500042361F0222F200A3D0D9 /* outputTest.json in Resources */ = {isa = PBXBuildFile; fileRef = 500042351F0222F200A3D0D9 /* outputTest.json */; };
		500042381F0223ED00A3D0D9 /* JSONSerializer.swift in Sources */ = {isa = PBXBuildFile; fileRef = 500042371F0223ED00A3D0D9 /* JSONSerializer.swift */; };
		5000423B1F0311B100A3D0D9 /* SwiftyJSON.framework in Frameworks */ = {isa = PBXBuildFile; fileRef = 5000423A1F0311B100A3D0D9 /* SwiftyJSON.framework */; };
		5000423E1F034A3B00A3D0D9 /* String.extensions.swift in Sources */ = {isa = PBXBuildFile; fileRef = 5000423D1F034A3B00A3D0D9 /* String.extensions.swift */; };
/* End PBXBuildFile section */

/* Begin PBXContainerItemProxy section */
		500042261F0221F600A3D0D9 /* PBXContainerItemProxy */ = {
			isa = PBXContainerItemProxy;
			containerPortal = 500042121F0221F600A3D0D9 /* Project object */;
			proxyType = 1;
			remoteGlobalIDString = 5000421A1F0221F600A3D0D9;
			remoteInfo = JSONSerialization;
		};
/* End PBXContainerItemProxy section */

/* Begin PBXFileReference section */
		5000421B1F0221F600A3D0D9 /* JSONSerialization.framework */ = {isa = PBXFileReference; explicitFileType = wrapper.framework; includeInIndex = 0; path = JSONSerialization.framework; sourceTree = BUILT_PRODUCTS_DIR; };
		5000421E1F0221F600A3D0D9 /* JSONSerialization.h */ = {isa = PBXFileReference; lastKnownFileType = sourcecode.c.h; path = JSONSerialization.h; sourceTree = "<group>"; };
		5000421F1F0221F600A3D0D9 /* Info.plist */ = {isa = PBXFileReference; lastKnownFileType = text.plist.xml; path = Info.plist; sourceTree = "<group>"; };
		500042241F0221F600A3D0D9 /* JSONSerializationTests.xctest */ = {isa = PBXFileReference; explicitFileType = wrapper.cfbundle; includeInIndex = 0; path = JSONSerializationTests.xctest; sourceTree = BUILT_PRODUCTS_DIR; };
		500042291F0221F600A3D0D9 /* JSONSerializationTests.swift */ = {isa = PBXFileReference; lastKnownFileType = sourcecode.swift; path = JSONSerializationTests.swift; sourceTree = "<group>"; };
		5000422B1F0221F600A3D0D9 /* Info.plist */ = {isa = PBXFileReference; lastKnownFileType = text.plist.xml; path = Info.plist; sourceTree = "<group>"; };
		500042351F0222F200A3D0D9 /* outputTest.json */ = {isa = PBXFileReference; fileEncoding = 4; lastKnownFileType = text.json; path = outputTest.json; sourceTree = "<group>"; };
		500042371F0223ED00A3D0D9 /* JSONSerializer.swift */ = {isa = PBXFileReference; fileEncoding = 4; lastKnownFileType = sourcecode.swift; path = JSONSerializer.swift; sourceTree = "<group>"; };
		5000423A1F0311B100A3D0D9 /* SwiftyJSON.framework */ = {isa = PBXFileReference; lastKnownFileType = wrapper.framework; name = SwiftyJSON.framework; path = Carthage/Build/iOS/SwiftyJSON.framework; sourceTree = "<group>"; };
		5000423D1F034A3B00A3D0D9 /* String.extensions.swift */ = {isa = PBXFileReference; fileEncoding = 4; lastKnownFileType = sourcecode.swift; path = String.extensions.swift; sourceTree = "<group>"; };
/* End PBXFileReference section */

/* Begin PBXFrameworksBuildPhase section */
		500042171F0221F600A3D0D9 /* Frameworks */ = {
			isa = PBXFrameworksBuildPhase;
			buildActionMask = 2147483647;
			files = (
			);
			runOnlyForDeploymentPostprocessing = 0;
		};
		500042211F0221F600A3D0D9 /* Frameworks */ = {
			isa = PBXFrameworksBuildPhase;
			buildActionMask = 2147483647;
			files = (
				500042251F0221F600A3D0D9 /* JSONSerialization.framework in Frameworks */,
				5000423B1F0311B100A3D0D9 /* SwiftyJSON.framework in Frameworks */,
			);
			runOnlyForDeploymentPostprocessing = 0;
		};
/* End PBXFrameworksBuildPhase section */

/* Begin PBXGroup section */
		500042111F0221F600A3D0D9 = {
			isa = PBXGroup;
			children = (
				5000421D1F0221F600A3D0D9 /* JSONSerialization */,
				500042281F0221F600A3D0D9 /* JSONSerializationTests */,
				5000421C1F0221F600A3D0D9 /* Products */,
				500042391F0311B000A3D0D9 /* Frameworks */,
			);
			sourceTree = "<group>";
		};
		5000421C1F0221F600A3D0D9 /* Products */ = {
			isa = PBXGroup;
			children = (
				5000421B1F0221F600A3D0D9 /* JSONSerialization.framework */,
				500042241F0221F600A3D0D9 /* JSONSerializationTests.xctest */,
			);
			name = Products;
			sourceTree = "<group>";
		};
		5000421D1F0221F600A3D0D9 /* JSONSerialization */ = {
			isa = PBXGroup;
			children = (
				5000421E1F0221F600A3D0D9 /* JSONSerialization.h */,
				5000421F1F0221F600A3D0D9 /* Info.plist */,
				500042371F0223ED00A3D0D9 /* JSONSerializer.swift */,
				5000423D1F034A3B00A3D0D9 /* String.extensions.swift */,
			);
			path = JSONSerialization;
			sourceTree = "<group>";
		};
		500042281F0221F600A3D0D9 /* JSONSerializationTests */ = {
			isa = PBXGroup;
			children = (
				500042291F0221F600A3D0D9 /* JSONSerializationTests.swift */,
				5000422B1F0221F600A3D0D9 /* Info.plist */,
				500042351F0222F200A3D0D9 /* outputTest.json */,
			);
			path = JSONSerializationTests;
			sourceTree = "<group>";
		};
		500042391F0311B000A3D0D9 /* Frameworks */ = {
			isa = PBXGroup;
			children = (
				5000423A1F0311B100A3D0D9 /* SwiftyJSON.framework */,
			);
			name = Frameworks;
			sourceTree = "<group>";
		};
/* End PBXGroup section */

/* Begin PBXHeadersBuildPhase section */
		500042181F0221F600A3D0D9 /* Headers */ = {
			isa = PBXHeadersBuildPhase;
			buildActionMask = 2147483647;
			files = (
				5000422C1F0221F600A3D0D9 /* JSONSerialization.h in Headers */,
			);
			runOnlyForDeploymentPostprocessing = 0;
		};
/* End PBXHeadersBuildPhase section */

/* Begin PBXNativeTarget section */
		5000421A1F0221F600A3D0D9 /* JSONSerialization */ = {
			isa = PBXNativeTarget;
			buildConfigurationList = 5000422F1F0221F600A3D0D9 /* Build configuration list for PBXNativeTarget "JSONSerialization" */;
			buildPhases = (
				500042161F0221F600A3D0D9 /* Sources */,
				500042171F0221F600A3D0D9 /* Frameworks */,
				500042181F0221F600A3D0D9 /* Headers */,
				500042191F0221F600A3D0D9 /* Resources */,
			);
			buildRules = (
			);
			dependencies = (
			);
			name = JSONSerialization;
			productName = JSONSerialization;
			productReference = 5000421B1F0221F600A3D0D9 /* JSONSerialization.framework */;
			productType = "com.apple.product-type.framework";
		};
		500042231F0221F600A3D0D9 /* JSONSerializationTests */ = {
			isa = PBXNativeTarget;
			buildConfigurationList = 500042321F0221F600A3D0D9 /* Build configuration list for PBXNativeTarget "JSONSerializationTests" */;
			buildPhases = (
				500042201F0221F600A3D0D9 /* Sources */,
				500042211F0221F600A3D0D9 /* Frameworks */,
				500042221F0221F600A3D0D9 /* Resources */,
				5000423C1F03164D00A3D0D9 /* ShellScript */,
			);
			buildRules = (
			);
			dependencies = (
				500042271F0221F600A3D0D9 /* PBXTargetDependency */,
			);
			name = JSONSerializationTests;
			productName = JSONSerializationTests;
			productReference = 500042241F0221F600A3D0D9 /* JSONSerializationTests.xctest */;
			productType = "com.apple.product-type.bundle.unit-test";
		};
/* End PBXNativeTarget section */

/* Begin PBXProject section */
		500042121F0221F600A3D0D9 /* Project object */ = {
			isa = PBXProject;
			attributes = {
				LastSwiftUpdateCheck = 0830;
				LastUpgradeCheck = 0830;
				ORGANIZATIONNAME = "Olympic Software";
				TargetAttributes = {
					5000421A1F0221F600A3D0D9 = {
						CreatedOnToolsVersion = 8.3.3;
						DevelopmentTeam = Z6LKC7ARK2;
						LastSwiftMigration = 0830;
						ProvisioningStyle = Automatic;
					};
					500042231F0221F600A3D0D9 = {
						CreatedOnToolsVersion = 8.3.3;
						DevelopmentTeam = Z6LKC7ARK2;
						ProvisioningStyle = Automatic;
					};
				};
			};
			buildConfigurationList = 500042151F0221F600A3D0D9 /* Build configuration list for PBXProject "JSONSerialization" */;
			compatibilityVersion = "Xcode 3.2";
			developmentRegion = English;
			hasScannedForEncodings = 0;
			knownRegions = (
				en,
			);
			mainGroup = 500042111F0221F600A3D0D9;
			productRefGroup = 5000421C1F0221F600A3D0D9 /* Products */;
			projectDirPath = "";
			projectRoot = "";
			targets = (
				5000421A1F0221F600A3D0D9 /* JSONSerialization */,
				500042231F0221F600A3D0D9 /* JSONSerializationTests */,
			);
		};
/* End PBXProject section */

/* Begin PBXResourcesBuildPhase section */
		500042191F0221F600A3D0D9 /* Resources */ = {
			isa = PBXResourcesBuildPhase;
			buildActionMask = 2147483647;
			files = (
			);
			runOnlyForDeploymentPostprocessing = 0;
		};
		500042221F0221F600A3D0D9 /* Resources */ = {
			isa = PBXResourcesBuildPhase;
			buildActionMask = 2147483647;
			files = (
				500042361F0222F200A3D0D9 /* outputTest.json in Resources */,
			);
			runOnlyForDeploymentPostprocessing = 0;
		};
/* End PBXResourcesBuildPhase section */

/* Begin PBXShellScriptBuildPhase section */
		5000423C1F03164D00A3D0D9 /* ShellScript */ = {
			isa = PBXShellScriptBuildPhase;
			buildActionMask = 2147483647;
			files = (
			);
			inputPaths = (
				"$(SRCROOT)/Carthage/Build/iOS/SwiftyJSON.framework",
			);
			outputPaths = (
			);
			runOnlyForDeploymentPostprocessing = 0;
			shellPath = /bin/sh;
			shellScript = "/usr/local/bin/carthage copy-frameworks";
		};
/* End PBXShellScriptBuildPhase section */

/* Begin PBXSourcesBuildPhase section */
		500042161F0221F600A3D0D9 /* Sources */ = {
			isa = PBXSourcesBuildPhase;
			buildActionMask = 2147483647;
			files = (
				500042381F0223ED00A3D0D9 /* JSONSerializer.swift in Sources */,
				5000423E1F034A3B00A3D0D9 /* String.extensions.swift in Sources */,
			);
			runOnlyForDeploymentPostprocessing = 0;
		};
		500042201F0221F600A3D0D9 /* Sources */ = {
			isa = PBXSourcesBuildPhase;
			buildActionMask = 2147483647;
			files = (
				5000422A1F0221F600A3D0D9 /* JSONSerializationTests.swift in Sources */,
			);
			runOnlyForDeploymentPostprocessing = 0;
		};
/* End PBXSourcesBuildPhase section */

/* Begin PBXTargetDependency section */
		500042271F0221F600A3D0D9 /* PBXTargetDependency */ = {
			isa = PBXTargetDependency;
			target = 5000421A1F0221F600A3D0D9 /* JSONSerialization */;
			targetProxy = 500042261F0221F600A3D0D9 /* PBXContainerItemProxy */;
		};
/* End PBXTargetDependency section */

/* Begin XCBuildConfiguration section */
		5000422D1F0221F600A3D0D9 /* Debug */ = {
			isa = XCBuildConfiguration;
			buildSettings = {
				ALWAYS_SEARCH_USER_PATHS = NO;
				CLANG_ANALYZER_NONNULL = YES;
				CLANG_ANALYZER_NUMBER_OBJECT_CONVERSION = YES_AGGRESSIVE;
				CLANG_CXX_LANGUAGE_STANDARD = "gnu++0x";
				CLANG_CXX_LIBRARY = "libc++";
				CLANG_ENABLE_MODULES = YES;
				CLANG_ENABLE_OBJC_ARC = YES;
				CLANG_WARN_BOOL_CONVERSION = YES;
				CLANG_WARN_CONSTANT_CONVERSION = YES;
				CLANG_WARN_DIRECT_OBJC_ISA_USAGE = YES_ERROR;
				CLANG_WARN_DOCUMENTATION_COMMENTS = YES;
				CLANG_WARN_EMPTY_BODY = YES;
				CLANG_WARN_ENUM_CONVERSION = YES;
				CLANG_WARN_INFINITE_RECURSION = YES;
				CLANG_WARN_INT_CONVERSION = YES;
				CLANG_WARN_OBJC_ROOT_CLASS = YES_ERROR;
				CLANG_WARN_SUSPICIOUS_MOVE = YES;
				CLANG_WARN_UNREACHABLE_CODE = YES;
				CLANG_WARN__DUPLICATE_METHOD_MATCH = YES;
				"CODE_SIGN_IDENTITY[sdk=iphoneos*]" = "iPhone Developer";
				COPY_PHASE_STRIP = NO;
				CURRENT_PROJECT_VERSION = 1;
				DEBUG_INFORMATION_FORMAT = dwarf;
				ENABLE_STRICT_OBJC_MSGSEND = YES;
				ENABLE_TESTABILITY = YES;
				GCC_C_LANGUAGE_STANDARD = gnu99;
				GCC_DYNAMIC_NO_PIC = NO;
				GCC_NO_COMMON_BLOCKS = YES;
				GCC_OPTIMIZATION_LEVEL = 0;
				GCC_PREPROCESSOR_DEFINITIONS = (
					"DEBUG=1",
					"$(inherited)",
				);
				GCC_WARN_64_TO_32_BIT_CONVERSION = YES;
				GCC_WARN_ABOUT_RETURN_TYPE = YES_ERROR;
				GCC_WARN_UNDECLARED_SELECTOR = YES;
				GCC_WARN_UNINITIALIZED_AUTOS = YES_AGGRESSIVE;
				GCC_WARN_UNUSED_FUNCTION = YES;
				GCC_WARN_UNUSED_VARIABLE = YES;
				IPHONEOS_DEPLOYMENT_TARGET = 10.0;
				MTL_ENABLE_DEBUG_INFO = YES;
				ONLY_ACTIVE_ARCH = YES;
				SDKROOT = iphoneos;
				SWIFT_ACTIVE_COMPILATION_CONDITIONS = DEBUG;
				SWIFT_OPTIMIZATION_LEVEL = "-Onone";
				TARGETED_DEVICE_FAMILY = "1,2";
				VERSIONING_SYSTEM = "apple-generic";
				VERSION_INFO_PREFIX = "";
			};
			name = Debug;
		};
		5000422E1F0221F600A3D0D9 /* Release */ = {
			isa = XCBuildConfiguration;
			buildSettings = {
				ALWAYS_SEARCH_USER_PATHS = NO;
				CLANG_ANALYZER_NONNULL = YES;
				CLANG_ANALYZER_NUMBER_OBJECT_CONVERSION = YES_AGGRESSIVE;
				CLANG_CXX_LANGUAGE_STANDARD = "gnu++0x";
				CLANG_CXX_LIBRARY = "libc++";
				CLANG_ENABLE_MODULES = YES;
				CLANG_ENABLE_OBJC_ARC = YES;
				CLANG_WARN_BOOL_CONVERSION = YES;
				CLANG_WARN_CONSTANT_CONVERSION = YES;
				CLANG_WARN_DIRECT_OBJC_ISA_USAGE = YES_ERROR;
				CLANG_WARN_DOCUMENTATION_COMMENTS = YES;
				CLANG_WARN_EMPTY_BODY = YES;
				CLANG_WARN_ENUM_CONVERSION = YES;
				CLANG_WARN_INFINITE_RECURSION = YES;
				CLANG_WARN_INT_CONVERSION = YES;
				CLANG_WARN_OBJC_ROOT_CLASS = YES_ERROR;
				CLANG_WARN_SUSPICIOUS_MOVE = YES;
				CLANG_WARN_UNREACHABLE_CODE = YES;
				CLANG_WARN__DUPLICATE_METHOD_MATCH = YES;
				"CODE_SIGN_IDENTITY[sdk=iphoneos*]" = "iPhone Developer";
				COPY_PHASE_STRIP = NO;
				CURRENT_PROJECT_VERSION = 1;
				DEBUG_INFORMATION_FORMAT = "dwarf-with-dsym";
				ENABLE_NS_ASSERTIONS = NO;
				ENABLE_STRICT_OBJC_MSGSEND = YES;
				GCC_C_LANGUAGE_STANDARD = gnu99;
				GCC_NO_COMMON_BLOCKS = YES;
				GCC_WARN_64_TO_32_BIT_CONVERSION = YES;
				GCC_WARN_ABOUT_RETURN_TYPE = YES_ERROR;
				GCC_WARN_UNDECLARED_SELECTOR = YES;
				GCC_WARN_UNINITIALIZED_AUTOS = YES_AGGRESSIVE;
				GCC_WARN_UNUSED_FUNCTION = YES;
				GCC_WARN_UNUSED_VARIABLE = YES;
				IPHONEOS_DEPLOYMENT_TARGET = 10.0;
				MTL_ENABLE_DEBUG_INFO = NO;
				SDKROOT = iphoneos;
				SWIFT_OPTIMIZATION_LEVEL = "-Owholemodule";
				TARGETED_DEVICE_FAMILY = "1,2";
				VALIDATE_PRODUCT = YES;
				VERSIONING_SYSTEM = "apple-generic";
				VERSION_INFO_PREFIX = "";
			};
			name = Release;
		};
		500042301F0221F600A3D0D9 /* Debug */ = {
			isa = XCBuildConfiguration;
			buildSettings = {
				CLANG_ENABLE_MODULES = YES;
				CODE_SIGN_IDENTITY = "";
				DEFINES_MODULE = YES;
				DEVELOPMENT_TEAM = Z6LKC7ARK2;
				DYLIB_COMPATIBILITY_VERSION = 1;
				DYLIB_CURRENT_VERSION = 1;
				DYLIB_INSTALL_NAME_BASE = "@rpath";
				INFOPLIST_FILE = JSONSerialization/Info.plist;
				INSTALL_PATH = "$(LOCAL_LIBRARY_DIR)/Frameworks";
				LD_RUNPATH_SEARCH_PATHS = "$(inherited) @executable_path/Frameworks @loader_path/Frameworks";
				PRODUCT_BUNDLE_IDENTIFIER = nz.co.olympic.JSONSerialization;
				PRODUCT_NAME = "$(TARGET_NAME)";
				SKIP_INSTALL = YES;
				SWIFT_OPTIMIZATION_LEVEL = "-Onone";
				SWIFT_VERSION = 3.0;
			};
			name = Debug;
		};
		500042311F0221F600A3D0D9 /* Release */ = {
			isa = XCBuildConfiguration;
			buildSettings = {
				CLANG_ENABLE_MODULES = YES;
				CODE_SIGN_IDENTITY = "";
				DEFINES_MODULE = YES;
				DEVELOPMENT_TEAM = Z6LKC7ARK2;
				DYLIB_COMPATIBILITY_VERSION = 1;
				DYLIB_CURRENT_VERSION = 1;
				DYLIB_INSTALL_NAME_BASE = "@rpath";
				INFOPLIST_FILE = JSONSerialization/Info.plist;
				INSTALL_PATH = "$(LOCAL_LIBRARY_DIR)/Frameworks";
				LD_RUNPATH_SEARCH_PATHS = "$(inherited) @executable_path/Frameworks @loader_path/Frameworks";
				PRODUCT_BUNDLE_IDENTIFIER = nz.co.olympic.JSONSerialization;
				PRODUCT_NAME = "$(TARGET_NAME)";
				SKIP_INSTALL = YES;
				SWIFT_VERSION = 3.0;
			};
			name = Release;
		};
		500042331F0221F600A3D0D9 /* Debug */ = {
			isa = XCBuildConfiguration;
			buildSettings = {
				ALWAYS_EMBED_SWIFT_STANDARD_LIBRARIES = YES;
				DEVELOPMENT_TEAM = Z6LKC7ARK2;
				FRAMEWORK_SEARCH_PATHS = (
					"$(inherited)",
					"$(PROJECT_DIR)/Carthage/Build/iOS",
				);
				INFOPLIST_FILE = JSONSerializationTests/Info.plist;
				LD_RUNPATH_SEARCH_PATHS = "$(inherited) @executable_path/Frameworks @loader_path/Frameworks";
				PRODUCT_BUNDLE_IDENTIFIER = nz.co.olympic.JSONSerializationTests;
				PRODUCT_NAME = "$(TARGET_NAME)";
				SWIFT_VERSION = 3.0;
			};
			name = Debug;
		};
		500042341F0221F600A3D0D9 /* Release */ = {
			isa = XCBuildConfiguration;
			buildSettings = {
				ALWAYS_EMBED_SWIFT_STANDARD_LIBRARIES = YES;
				DEVELOPMENT_TEAM = Z6LKC7ARK2;
				FRAMEWORK_SEARCH_PATHS = (
					"$(inherited)",
					"$(PROJECT_DIR)/Carthage/Build/iOS",
				);
				INFOPLIST_FILE = JSONSerializationTests/Info.plist;
				LD_RUNPATH_SEARCH_PATHS = "$(inherited) @executable_path/Frameworks @loader_path/Frameworks";
				PRODUCT_BUNDLE_IDENTIFIER = nz.co.olympic.JSONSerializationTests;
				PRODUCT_NAME = "$(TARGET_NAME)";
				SWIFT_VERSION = 3.0;
			};
			name = Release;
		};
/* End XCBuildConfiguration section */

/* Begin XCConfigurationList section */
		500042151F0221F600A3D0D9 /* Build configuration list for PBXProject "JSONSerialization" */ = {
			isa = XCConfigurationList;
			buildConfigurations = (
				5000422D1F0221F600A3D0D9 /* Debug */,
				5000422E1F0221F600A3D0D9 /* Release */,
			);
			defaultConfigurationIsVisible = 0;
			defaultConfigurationName = Release;
		};
		5000422F1F0221F600A3D0D9 /* Build configuration list for PBXNativeTarget "JSONSerialization" */ = {
			isa = XCConfigurationList;
			buildConfigurations = (
				500042301F0221F600A3D0D9 /* Debug */,
				500042311F0221F600A3D0D9 /* Release */,
			);
			defaultConfigurationIsVisible = 0;
			defaultConfigurationName = Release;
		};
		500042321F0221F600A3D0D9 /* Build configuration list for PBXNativeTarget "JSONSerializationTests" */ = {
			isa = XCConfigurationList;
			buildConfigurations = (
				500042331F0221F600A3D0D9 /* Debug */,
				500042341F0221F600A3D0D9 /* Release */,
			);
			defaultConfigurationIsVisible = 0;
			defaultConfigurationName = Release;
		};
/* End XCConfigurationList section */
	};
	rootObject = 500042121F0221F600A3D0D9 /* Project object */;
}
